// !$*UTF8*$!
{
	archiveVersion = 1;
	classes = {
	};
	objectVersion = 46;
	objects = {

/* Begin PBXBuildFile section */
		B9C1F6941D852ED100F6BEEE /* main.m in Sources */ = {isa = PBXBuildFile; fileRef = B9C1F6931D852ED100F6BEEE /* main.m */; };
		B9C1F6971D852ED100F6BEEE /* AppDelegate.m in Sources */ = {isa = PBXBuildFile; fileRef = B9C1F6961D852ED100F6BEEE /* AppDelegate.m */; };
		B9C1F69A1D852ED100F6BEEE /* ViewController.m in Sources */ = {isa = PBXBuildFile; fileRef = B9C1F6991D852ED100F6BEEE /* ViewController.m */; };
		B9C1F69D1D852ED100F6BEEE /* Main.storyboard in Resources */ = {isa = PBXBuildFile; fileRef = B9C1F69B1D852ED100F6BEEE /* Main.storyboard */; };
		B9C1F69F1D852ED100F6BEEE /* Assets.xcassets in Resources */ = {isa = PBXBuildFile; fileRef = B9C1F69E1D852ED100F6BEEE /* Assets.xcassets */; };
		B9C1F6A21D852ED100F6BEEE /* LaunchScreen.storyboard in Resources */ = {isa = PBXBuildFile; fileRef = B9C1F6A01D852ED100F6BEEE /* LaunchScreen.storyboard */; };
		B9C1F6AD1D852ED100F6BEEE /* Study05_OpenGL_______Tests.m in Sources */ = {isa = PBXBuildFile; fileRef = B9C1F6AC1D852ED100F6BEEE /* Study05_OpenGL_______Tests.m */; };
		B9C1F6B81D852ED200F6BEEE /* Study05_OpenGL_______UITests.m in Sources */ = {isa = PBXBuildFile; fileRef = B9C1F6B71D852ED200F6BEEE /* Study05_OpenGL_______UITests.m */; };
		B9C1F6C61D852EE800F6BEEE /* 1.jpg in Resources */ = {isa = PBXBuildFile; fileRef = B9C1F6C51D852EE800F6BEEE /* 1.jpg */; };
/* End PBXBuildFile section */

/* Begin PBXContainerItemProxy section */
		B9C1F6A91D852ED100F6BEEE /* PBXContainerItemProxy */ = {
			isa = PBXContainerItemProxy;
			containerPortal = B9C1F6871D852ED100F6BEEE /* Project object */;
			proxyType = 1;
			remoteGlobalIDString = B9C1F68E1D852ED100F6BEEE;
			remoteInfo = "Study05-OpenGL绘制移动的球体";
		};
		B9C1F6B41D852ED200F6BEEE /* PBXContainerItemProxy */ = {
			isa = PBXContainerItemProxy;
			containerPortal = B9C1F6871D852ED100F6BEEE /* Project object */;
			proxyType = 1;
			remoteGlobalIDString = B9C1F68E1D852ED100F6BEEE;
			remoteInfo = "Study05-OpenGL绘制移动的球体";
		};
/* End PBXContainerItemProxy section */

/* Begin PBXFileReference section */
		B9C1F68F1D852ED100F6BEEE /* Study05-OpenGL绘制移动的球体.app */ = {isa = PBXFileReference; explicitFileType = wrapper.application; includeInIndex = 0; path = "Study05-OpenGL绘制移动的球体.app"; sourceTree = BUILT_PRODUCTS_DIR; };
		B9C1F6931D852ED100F6BEEE /* main.m */ = {isa = PBXFileReference; lastKnownFileType = sourcecode.c.objc; path = main.m; sourceTree = "<group>"; };
		B9C1F6951D852ED100F6BEEE /* AppDelegate.h */ = {isa = PBXFileReference; lastKnownFileType = sourcecode.c.h; path = AppDelegate.h; sourceTree = "<group>"; };
		B9C1F6961D852ED100F6BEEE /* AppDelegate.m */ = {isa = PBXFileReference; lastKnownFileType = sourcecode.c.objc; path = AppDelegate.m; sourceTree = "<group>"; };
		B9C1F6981D852ED100F6BEEE /* ViewController.h */ = {isa = PBXFileReference; lastKnownFileType = sourcecode.c.h; path = ViewController.h; sourceTree = "<group>"; };
		B9C1F6991D852ED100F6BEEE /* ViewController.m */ = {isa = PBXFileReference; lastKnownFileType = sourcecode.c.objc; path = ViewController.m; sourceTree = "<group>"; };
		B9C1F69C1D852ED100F6BEEE /* Base */ = {isa = PBXFileReference; lastKnownFileType = file.storyboard; name = Base; path = Base.lproj/Main.storyboard; sourceTree = "<group>"; };
		B9C1F69E1D852ED100F6BEEE /* Assets.xcassets */ = {isa = PBXFileReference; lastKnownFileType = folder.assetcatalog; path = Assets.xcassets; sourceTree = "<group>"; };
		B9C1F6A11D852ED100F6BEEE /* Base */ = {isa = PBXFileReference; lastKnownFileType = file.storyboard; name = Base; path = Base.lproj/LaunchScreen.storyboard; sourceTree = "<group>"; };
		B9C1F6A31D852ED100F6BEEE /* Info.plist */ = {isa = PBXFileReference; lastKnownFileType = text.plist.xml; path = Info.plist; sourceTree = "<group>"; };
		B9C1F6A81D852ED100F6BEEE /* Study05-OpenGL绘制移动的球体Tests.xctest */ = {isa = PBXFileReference; explicitFileType = wrapper.cfbundle; includeInIndex = 0; path = "Study05-OpenGL绘制移动的球体Tests.xctest"; sourceTree = BUILT_PRODUCTS_DIR; };
		B9C1F6AC1D852ED100F6BEEE /* Study05_OpenGL_______Tests.m */ = {isa = PBXFileReference; lastKnownFileType = sourcecode.c.objc; path = "Study05_OpenGL_______Tests.m"; sourceTree = "<group>"; };
		B9C1F6AE1D852ED200F6BEEE /* Info.plist */ = {isa = PBXFileReference; lastKnownFileType = text.plist.xml; path = Info.plist; sourceTree = "<group>"; };
		B9C1F6B31D852ED200F6BEEE /* Study05-OpenGL绘制移动的球体UITests.xctest */ = {isa = PBXFileReference; explicitFileType = wrapper.cfbundle; includeInIndex = 0; path = "Study05-OpenGL绘制移动的球体UITests.xctest"; sourceTree = BUILT_PRODUCTS_DIR; };
		B9C1F6B71D852ED200F6BEEE /* Study05_OpenGL_______UITests.m */ = {isa = PBXFileReference; lastKnownFileType = sourcecode.c.objc; path = "Study05_OpenGL_______UITests.m"; sourceTree = "<group>"; };
		B9C1F6B91D852ED200F6BEEE /* Info.plist */ = {isa = PBXFileReference; lastKnownFileType = text.plist.xml; path = Info.plist; sourceTree = "<group>"; };
		B9C1F6C51D852EE800F6BEEE /* 1.jpg */ = {isa = PBXFileReference; lastKnownFileType = image.jpeg; path = 1.jpg; sourceTree = "<group>"; };
/* End PBXFileReference section */

/* Begin PBXFrameworksBuildPhase section */
		B9C1F68C1D852ED100F6BEEE /* Frameworks */ = {
			isa = PBXFrameworksBuildPhase;
			buildActionMask = 2147483647;
			files = (
			);
			runOnlyForDeploymentPostprocessing = 0;
		};
		B9C1F6A51D852ED100F6BEEE /* Frameworks */ = {
			isa = PBXFrameworksBuildPhase;
			buildActionMask = 2147483647;
			files = (
			);
			runOnlyForDeploymentPostprocessing = 0;
		};
		B9C1F6B01D852ED200F6BEEE /* Frameworks */ = {
			isa = PBXFrameworksBuildPhase;
			buildActionMask = 2147483647;
			files = (
			);
			runOnlyForDeploymentPostprocessing = 0;
		};
/* End PBXFrameworksBuildPhase section */

/* Begin PBXGroup section */
		B9C1F6861D852ED100F6BEEE = {
			isa = PBXGroup;
			children = (
				B9C1F6911D852ED100F6BEEE /* Study05-OpenGL绘制移动的球体 */,
				B9C1F6AB1D852ED100F6BEEE /* Study05-OpenGL绘制移动的球体Tests */,
				B9C1F6B61D852ED200F6BEEE /* Study05-OpenGL绘制移动的球体UITests */,
				B9C1F6901D852ED100F6BEEE /* Products */,
			);
			sourceTree = "<group>";
		};
		B9C1F6901D852ED100F6BEEE /* Products */ = {
			isa = PBXGroup;
			children = (
				B9C1F68F1D852ED100F6BEEE /* Study05-OpenGL绘制移动的球体.app */,
				B9C1F6A81D852ED100F6BEEE /* Study05-OpenGL绘制移动的球体Tests.xctest */,
				B9C1F6B31D852ED200F6BEEE /* Study05-OpenGL绘制移动的球体UITests.xctest */,
			);
			name = Products;
			sourceTree = "<group>";
		};
		B9C1F6911D852ED100F6BEEE /* Study05-OpenGL绘制移动的球体 */ = {
			isa = PBXGroup;
			children = (
				B9C1F6C51D852EE800F6BEEE /* 1.jpg */,
				B9C1F6951D852ED100F6BEEE /* AppDelegate.h */,
				B9C1F6961D852ED100F6BEEE /* AppDelegate.m */,
				B9C1F6981D852ED100F6BEEE /* ViewController.h */,
				B9C1F6991D852ED100F6BEEE /* ViewController.m */,
				B9C1F69B1D852ED100F6BEEE /* Main.storyboard */,
				B9C1F69E1D852ED100F6BEEE /* Assets.xcassets */,
				B9C1F6A01D852ED100F6BEEE /* LaunchScreen.storyboard */,
				B9C1F6A31D852ED100F6BEEE /* Info.plist */,
				B9C1F6921D852ED100F6BEEE /* Supporting Files */,
			);
			path = "Study05-OpenGL绘制移动的球体";
			sourceTree = "<group>";
		};
		B9C1F6921D852ED100F6BEEE /* Supporting Files */ = {
			isa = PBXGroup;
			children = (
				B9C1F6931D852ED100F6BEEE /* main.m */,
			);
			name = "Supporting Files";
			sourceTree = "<group>";
		};
		B9C1F6AB1D852ED100F6BEEE /* Study05-OpenGL绘制移动的球体Tests */ = {
			isa = PBXGroup;
			children = (
				B9C1F6AC1D852ED100F6BEEE /* Study05_OpenGL_______Tests.m */,
				B9C1F6AE1D852ED200F6BEEE /* Info.plist */,
			);
			path = "Study05-OpenGL绘制移动的球体Tests";
			sourceTree = "<group>";
		};
		B9C1F6B61D852ED200F6BEEE /* Study05-OpenGL绘制移动的球体UITests */ = {
			isa = PBXGroup;
			children = (
				B9C1F6B71D852ED200F6BEEE /* Study05_OpenGL_______UITests.m */,
				B9C1F6B91D852ED200F6BEEE /* Info.plist */,
			);
			path = "Study05-OpenGL绘制移动的球体UITests";
			sourceTree = "<group>";
		};
/* End PBXGroup section */

/* Begin PBXNativeTarget section */
		B9C1F68E1D852ED100F6BEEE /* Study05-OpenGL绘制移动的球体 */ = {
			isa = PBXNativeTarget;
			buildConfigurationList = B9C1F6BC1D852ED200F6BEEE /* Build configuration list for PBXNativeTarget "Study05-OpenGL绘制移动的球体" */;
			buildPhases = (
				B9C1F68B1D852ED100F6BEEE /* Sources */,
				B9C1F68C1D852ED100F6BEEE /* Frameworks */,
				B9C1F68D1D852ED100F6BEEE /* Resources */,
			);
			buildRules = (
			);
			dependencies = (
			);
			name = "Study05-OpenGL绘制移动的球体";
			productName = "Study05-OpenGL绘制移动的球体";
			productReference = B9C1F68F1D852ED100F6BEEE /* Study05-OpenGL绘制移动的球体.app */;
			productType = "com.apple.product-type.application";
		};
		B9C1F6A71D852ED100F6BEEE /* Study05-OpenGL绘制移动的球体Tests */ = {
			isa = PBXNativeTarget;
			buildConfigurationList = B9C1F6BF1D852ED200F6BEEE /* Build configuration list for PBXNativeTarget "Study05-OpenGL绘制移动的球体Tests" */;
			buildPhases = (
				B9C1F6A41D852ED100F6BEEE /* Sources */,
				B9C1F6A51D852ED100F6BEEE /* Frameworks */,
				B9C1F6A61D852ED100F6BEEE /* Resources */,
			);
			buildRules = (
			);
			dependencies = (
				B9C1F6AA1D852ED100F6BEEE /* PBXTargetDependency */,
			);
			name = "Study05-OpenGL绘制移动的球体Tests";
			productName = "Study05-OpenGL绘制移动的球体Tests";
			productReference = B9C1F6A81D852ED100F6BEEE /* Study05-OpenGL绘制移动的球体Tests.xctest */;
			productType = "com.apple.product-type.bundle.unit-test";
		};
		B9C1F6B21D852ED200F6BEEE /* Study05-OpenGL绘制移动的球体UITests */ = {
			isa = PBXNativeTarget;
			buildConfigurationList = B9C1F6C21D852ED200F6BEEE /* Build configuration list for PBXNativeTarget "Study05-OpenGL绘制移动的球体UITests" */;
			buildPhases = (
				B9C1F6AF1D852ED200F6BEEE /* Sources */,
				B9C1F6B01D852ED200F6BEEE /* Frameworks */,
				B9C1F6B11D852ED200F6BEEE /* Resources */,
			);
			buildRules = (
			);
			dependencies = (
				B9C1F6B51D852ED200F6BEEE /* PBXTargetDependency */,
			);
			name = "Study05-OpenGL绘制移动的球体UITests";
			productName = "Study05-OpenGL绘制移动的球体UITests";
			productReference = B9C1F6B31D852ED200F6BEEE /* Study05-OpenGL绘制移动的球体UITests.xctest */;
			productType = "com.apple.product-type.bundle.ui-testing";
		};
/* End PBXNativeTarget section */

/* Begin PBXProject section */
		B9C1F6871D852ED100F6BEEE /* Project object */ = {
			isa = PBXProject;
			attributes = {
				LastUpgradeCheck = 0730;
				ORGANIZATIONNAME = evenCoder;
				TargetAttributes = {
					B9C1F68E1D852ED100F6BEEE = {
						CreatedOnToolsVersion = 7.3.1;
					};
					B9C1F6A71D852ED100F6BEEE = {
						CreatedOnToolsVersion = 7.3.1;
						TestTargetID = B9C1F68E1D852ED100F6BEEE;
					};
					B9C1F6B21D852ED200F6BEEE = {
						CreatedOnToolsVersion = 7.3.1;
						TestTargetID = B9C1F68E1D852ED100F6BEEE;
					};
				};
			};
			buildConfigurationList = B9C1F68A1D852ED100F6BEEE /* Build configuration list for PBXProject "Study05-OpenGL绘制移动的球体" */;
			compatibilityVersion = "Xcode 3.2";
			developmentRegion = English;
			hasScannedForEncodings = 0;
			knownRegions = (
				en,
				Base,
			);
			mainGroup = B9C1F6861D852ED100F6BEEE;
			productRefGroup = B9C1F6901D852ED100F6BEEE /* Products */;
			projectDirPath = "";
			projectRoot = "";
			targets = (
				B9C1F68E1D852ED100F6BEEE /* Study05-OpenGL绘制移动的球体 */,
				B9C1F6A71D852ED100F6BEEE /* Study05-OpenGL绘制移动的球体Tests */,
				B9C1F6B21D852ED200F6BEEE /* Study05-OpenGL绘制移动的球体UITests */,
			);
		};
/* End PBXProject section */

/* Begin PBXResourcesBuildPhase section */
		B9C1F68D1D852ED100F6BEEE /* Resources */ = {
			isa = PBXResourcesBuildPhase;
			buildActionMask = 2147483647;
			files = (
				B9C1F6A21D852ED100F6BEEE /* LaunchScreen.storyboard in Resources */,
				B9C1F6C61D852EE800F6BEEE /* 1.jpg in Resources */,
				B9C1F69F1D852ED100F6BEEE /* Assets.xcassets in Resources */,
				B9C1F69D1D852ED100F6BEEE /* Main.storyboard in Resources */,
			);
			runOnlyForDeploymentPostprocessing = 0;
		};
		B9C1F6A61D852ED100F6BEEE /* Resources */ = {
			isa = PBXResourcesBuildPhase;
			buildActionMask = 2147483647;
			files = (
			);
			runOnlyForDeploymentPostprocessing = 0;
		};
		B9C1F6B11D852ED200F6BEEE /* Resources */ = {
			isa = PBXResourcesBuildPhase;
			buildActionMask = 2147483647;
			files = (
			);
			runOnlyForDeploymentPostprocessing = 0;
		};
/* End PBXResourcesBuildPhase section */

/* Begin PBXSourcesBuildPhase section */
		B9C1F68B1D852ED100F6BEEE /* Sources */ = {
			isa = PBXSourcesBuildPhase;
			buildActionMask = 2147483647;
			files = (
				B9C1F69A1D852ED100F6BEEE /* ViewController.m in Sources */,
				B9C1F6971D852ED100F6BEEE /* AppDelegate.m in Sources */,
				B9C1F6941D852ED100F6BEEE /* main.m in Sources */,
			);
			runOnlyForDeploymentPostprocessing = 0;
		};
		B9C1F6A41D852ED100F6BEEE /* Sources */ = {
			isa = PBXSourcesBuildPhase;
			buildActionMask = 2147483647;
			files = (
				B9C1F6AD1D852ED100F6BEEE /* Study05_OpenGL_______Tests.m in Sources */,
			);
			runOnlyForDeploymentPostprocessing = 0;
		};
		B9C1F6AF1D852ED200F6BEEE /* Sources */ = {
			isa = PBXSourcesBuildPhase;
			buildActionMask = 2147483647;
			files = (
				B9C1F6B81D852ED200F6BEEE /* Study05_OpenGL_______UITests.m in Sources */,
			);
			runOnlyForDeploymentPostprocessing = 0;
		};
/* End PBXSourcesBuildPhase section */

/* Begin PBXTargetDependency section */
		B9C1F6AA1D852ED100F6BEEE /* PBXTargetDependency */ = {
			isa = PBXTargetDependency;
			target = B9C1F68E1D852ED100F6BEEE /* Study05-OpenGL绘制移动的球体 */;
			targetProxy = B9C1F6A91D852ED100F6BEEE /* PBXContainerItemProxy */;
		};
		B9C1F6B51D852ED200F6BEEE /* PBXTargetDependency */ = {
			isa = PBXTargetDependency;
			target = B9C1F68E1D852ED100F6BEEE /* Study05-OpenGL绘制移动的球体 */;
			targetProxy = B9C1F6B41D852ED200F6BEEE /* PBXContainerItemProxy */;
		};
/* End PBXTargetDependency section */

/* Begin PBXVariantGroup section */
		B9C1F69B1D852ED100F6BEEE /* Main.storyboard */ = {
			isa = PBXVariantGroup;
			children = (
				B9C1F69C1D852ED100F6BEEE /* Base */,
			);
			name = Main.storyboard;
			sourceTree = "<group>";
		};
		B9C1F6A01D852ED100F6BEEE /* LaunchScreen.storyboard */ = {
			isa = PBXVariantGroup;
			children = (
				B9C1F6A11D852ED100F6BEEE /* Base */,
			);
			name = LaunchScreen.storyboard;
			sourceTree = "<group>";
		};
/* End PBXVariantGroup section */

/* Begin XCBuildConfiguration section */
		B9C1F6BA1D852ED200F6BEEE /* Debug */ = {
			isa = XCBuildConfiguration;
			buildSettings = {
				ALWAYS_SEARCH_USER_PATHS = NO;
				CLANG_ANALYZER_NONNULL = YES;
				CLANG_CXX_LANGUAGE_STANDARD = "gnu++0x";
				CLANG_CXX_LIBRARY = "libc++";
				CLANG_ENABLE_MODULES = YES;
				CLANG_ENABLE_OBJC_ARC = YES;
				CLANG_WARN_BOOL_CONVERSION = YES;
				CLANG_WARN_CONSTANT_CONVERSION = YES;
				CLANG_WARN_DIRECT_OBJC_ISA_USAGE = YES_ERROR;
				CLANG_WARN_EMPTY_BODY = YES;
				CLANG_WARN_ENUM_CONVERSION = YES;
				CLANG_WARN_INT_CONVERSION = YES;
				CLANG_WARN_OBJC_ROOT_CLASS = YES_ERROR;
				CLANG_WARN_UNREACHABLE_CODE = YES;
				CLANG_WARN__DUPLICATE_METHOD_MATCH = YES;
				"CODE_SIGN_IDENTITY[sdk=iphoneos*]" = "iPhone Developer";
				COPY_PHASE_STRIP = NO;
				DEBUG_INFORMATION_FORMAT = dwarf;
				ENABLE_STRICT_OBJC_MSGSEND = YES;
				ENABLE_TESTABILITY = YES;
				GCC_C_LANGUAGE_STANDARD = gnu99;
				GCC_DYNAMIC_NO_PIC = NO;
				GCC_NO_COMMON_BLOCKS = YES;
				GCC_OPTIMIZATION_LEVEL = 0;
				GCC_PREPROCESSOR_DEFINITIONS = (
					"DEBUG=1",
					"$(inherited)",
				);
				GCC_WARN_64_TO_32_BIT_CONVERSION = YES;
				GCC_WARN_ABOUT_RETURN_TYPE = YES_ERROR;
				GCC_WARN_UNDECLARED_SELECTOR = YES;
				GCC_WARN_UNINITIALIZED_AUTOS = YES_AGGRESSIVE;
				GCC_WARN_UNUSED_FUNCTION = YES;
				GCC_WARN_UNUSED_VARIABLE = YES;
				IPHONEOS_DEPLOYMENT_TARGET = 9.3;
				MTL_ENABLE_DEBUG_INFO = YES;
				ONLY_ACTIVE_ARCH = YES;
				SDKROOT = iphoneos;
			};
			name = Debug;
		};
		B9C1F6BB1D852ED200F6BEEE /* Release */ = {
			isa = XCBuildConfiguration;
			buildSettings = {
				ALWAYS_SEARCH_USER_PATHS = NO;
				CLANG_ANALYZER_NONNULL = YES;
				CLANG_CXX_LANGUAGE_STANDARD = "gnu++0x";
				CLANG_CXX_LIBRARY = "libc++";
				CLANG_ENABLE_MODULES = YES;
				CLANG_ENABLE_OBJC_ARC = YES;
				CLANG_WARN_BOOL_CONVERSION = YES;
				CLANG_WARN_CONSTANT_CONVERSION = YES;
				CLANG_WARN_DIRECT_OBJC_ISA_USAGE = YES_ERROR;
				CLANG_WARN_EMPTY_BODY = YES;
				CLANG_WARN_ENUM_CONVERSION = YES;
				CLANG_WARN_INT_CONVERSION = YES;
				CLANG_WARN_OBJC_ROOT_CLASS = YES_ERROR;
				CLANG_WARN_UNREACHABLE_CODE = YES;
				CLANG_WARN__DUPLICATE_METHOD_MATCH = YES;
				"CODE_SIGN_IDENTITY[sdk=iphoneos*]" = "iPhone Developer";
				COPY_PHASE_STRIP = NO;
				DEBUG_INFORMATION_FORMAT = "dwarf-with-dsym";
				ENABLE_NS_ASSERTIONS = NO;
				ENABLE_STRICT_OBJC_MSGSEND = YES;
				GCC_C_LANGUAGE_STANDARD = gnu99;
				GCC_NO_COMMON_BLOCKS = YES;
				GCC_WARN_64_TO_32_BIT_CONVERSION = YES;
				GCC_WARN_ABOUT_RETURN_TYPE = YES_ERROR;
				GCC_WARN_UNDECLARED_SELECTOR = YES;
				GCC_WARN_UNINITIALIZED_AUTOS = YES_AGGRESSIVE;
				GCC_WARN_UNUSED_FUNCTION = YES;
				GCC_WARN_UNUSED_VARIABLE = YES;
				IPHONEOS_DEPLOYMENT_TARGET = 9.3;
				MTL_ENABLE_DEBUG_INFO = NO;
				SDKROOT = iphoneos;
				VALIDATE_PRODUCT = YES;
			};
			name = Release;
		};
		B9C1F6BD1D852ED200F6BEEE /* Debug */ = {
			isa = XCBuildConfiguration;
			buildSettings = {
				ASSETCATALOG_COMPILER_APPICON_NAME = AppIcon;
				INFOPLIST_FILE = "Study05-OpenGL绘制移动的球体/Info.plist";
				LD_RUNPATH_SEARCH_PATHS = "$(inherited) @executable_path/Frameworks";
				PRODUCT_BUNDLE_IDENTIFIER = "https---github.com-evenCoder.Study05-OpenGL-------";
				PRODUCT_NAME = "$(TARGET_NAME)";
			};
			name = Debug;
		};
		B9C1F6BE1D852ED200F6BEEE /* Release */ = {
			isa = XCBuildConfiguration;
			buildSettings = {
				ASSETCATALOG_COMPILER_APPICON_NAME = AppIcon;
				INFOPLIST_FILE = "Study05-OpenGL绘制移动的球体/Info.plist";
				LD_RUNPATH_SEARCH_PATHS = "$(inherited) @executable_path/Frameworks";
				PRODUCT_BUNDLE_IDENTIFIER = "https---github.com-evenCoder.Study05-OpenGL-------";
				PRODUCT_NAME = "$(TARGET_NAME)";
			};
			name = Release;
		};
		B9C1F6C01D852ED200F6BEEE /* Debug */ = {
			isa = XCBuildConfiguration;
			buildSettings = {
				BUNDLE_LOADER = "$(TEST_HOST)";
				INFOPLIST_FILE = "Study05-OpenGL绘制移动的球体Tests/Info.plist";
				LD_RUNPATH_SEARCH_PATHS = "$(inherited) @executable_path/Frameworks @loader_path/Frameworks";
				PRODUCT_BUNDLE_IDENTIFIER = "https---github.com-evenCoder.Study05-OpenGL-------Tests";
				PRODUCT_NAME = "$(TARGET_NAME)";
				TEST_HOST = "$(BUILT_PRODUCTS_DIR)/Study05-OpenGL绘制移动的球体.app/Study05-OpenGL绘制移动的球体";
			};
			name = Debug;
		};
		B9C1F6C11D852ED200F6BEEE /* Release */ = {
			isa = XCBuildConfiguration;
			buildSettings = {
				BUNDLE_LOADER = "$(TEST_HOST)";
				INFOPLIST_FILE = "Study05-OpenGL绘制移动的球体Tests/Info.plist";
				LD_RUNPATH_SEARCH_PATHS = "$(inherited) @executable_path/Frameworks @loader_path/Frameworks";
				PRODUCT_BUNDLE_IDENTIFIER = "https---github.com-evenCoder.Study05-OpenGL-------Tests";
				PRODUCT_NAME = "$(TARGET_NAME)";
				TEST_HOST = "$(BUILT_PRODUCTS_DIR)/Study05-OpenGL绘制移动的球体.app/Study05-OpenGL绘制移动的球体";
			};
			name = Release;
		};
		B9C1F6C31D852ED200F6BEEE /* Debug */ = {
			isa = XCBuildConfiguration;
			buildSettings = {
				INFOPLIST_FILE = "Study05-OpenGL绘制移动的球体UITests/Info.plist";
				LD_RUNPATH_SEARCH_PATHS = "$(inherited) @executable_path/Frameworks @loader_path/Frameworks";
				PRODUCT_BUNDLE_IDENTIFIER = "https---github.com-evenCoder.Study05-OpenGL-------UITests";
				PRODUCT_NAME = "$(TARGET_NAME)";
				TEST_TARGET_NAME = "Study05-OpenGL绘制移动的球体";
			};
			name = Debug;
		};
		B9C1F6C41D852ED200F6BEEE /* Release */ = {
			isa = XCBuildConfiguration;
			buildSettings = {
				INFOPLIST_FILE = "Study05-OpenGL绘制移动的球体UITests/Info.plist";
				LD_RUNPATH_SEARCH_PATHS = "$(inherited) @executable_path/Frameworks @loader_path/Frameworks";
				PRODUCT_BUNDLE_IDENTIFIER = "https---github.com-evenCoder.Study05-OpenGL-------UITests";
				PRODUCT_NAME = "$(TARGET_NAME)";
				TEST_TARGET_NAME = "Study05-OpenGL绘制移动的球体";
			};
			name = Release;
		};
/* End XCBuildConfiguration section */

/* Begin XCConfigurationList section */
		B9C1F68A1D852ED100F6BEEE /* Build configuration list for PBXProject "Study05-OpenGL绘制移动的球体" */ = {
			isa = XCConfigurationList;
			buildConfigurations = (
				B9C1F6BA1D852ED200F6BEEE /* Debug */,
				B9C1F6BB1D852ED200F6BEEE /* Release */,
			);
			defaultConfigurationIsVisible = 0;
			defaultConfigurationName = Release;
		};
		B9C1F6BC1D852ED200F6BEEE /* Build configuration list for PBXNativeTarget "Study05-OpenGL绘制移动的球体" */ = {
			isa = XCConfigurationList;
			buildConfigurations = (
				B9C1F6BD1D852ED200F6BEEE /* Debug */,
				B9C1F6BE1D852ED200F6BEEE /* Release */,
			);
			defaultConfigurationIsVisible = 0;
		};
		B9C1F6BF1D852ED200F6BEEE /* Build configuration list for PBXNativeTarget "Study05-OpenGL绘制移动的球体Tests" */ = {
			isa = XCConfigurationList;
			buildConfigurations = (
				B9C1F6C01D852ED200F6BEEE /* Debug */,
				B9C1F6C11D852ED200F6BEEE /* Release */,
			);
			defaultConfigurationIsVisible = 0;
		};
		B9C1F6C21D852ED200F6BEEE /* Build configuration list for PBXNativeTarget "Study05-OpenGL绘制移动的球体UITests" */ = {
			isa = XCConfigurationList;
			buildConfigurations = (
				B9C1F6C31D852ED200F6BEEE /* Debug */,
				B9C1F6C41D852ED200F6BEEE /* Release */,
			);
			defaultConfigurationIsVisible = 0;
		};
/* End XCConfigurationList section */
	};
	rootObject = B9C1F6871D852ED100F6BEEE /* Project object */;
}
